// !$*UTF8*$!
{
	archiveVersion = 1;
	classes = {
	};
	objectVersion = 77;
	objects = {

/* Begin PBXBuildFile section */
		09BF7016D4DEBF919CC61C60 /* Pods_PokeDexBasicTests.framework in Frameworks */ = {isa = PBXBuildFile; fileRef = F7C69FF140EFCD093BD66983 /* Pods_PokeDexBasicTests.framework */; };
		0E0B4E15310E8703C5D90432 /* Pods_PokeDexBasic.framework in Frameworks */ = {isa = PBXBuildFile; fileRef = 5143A39F73F6E710CDAB322B /* Pods_PokeDexBasic.framework */; };
		27FA301930D2C489555F6D2A /* Pods_PokeDexBasic_PokeDexBasicUITests.framework in Frameworks */ = {isa = PBXBuildFile; fileRef = 6DABD6324F33547C62A6D8EC /* Pods_PokeDexBasic_PokeDexBasicUITests.framework */; };
/* End PBXBuildFile section */

/* Begin PBXContainerItemProxy section */
		2AFF9D4B2E38839000A0870E /* PBXContainerItemProxy */ = {
			isa = PBXContainerItemProxy;
			containerPortal = 2AFF9D2C2E38838E00A0870E /* Project object */;
			proxyType = 1;
			remoteGlobalIDString = 2AFF9D332E38838E00A0870E;
			remoteInfo = PokeDexBasic;
		};
		2AFF9D552E38839000A0870E /* PBXContainerItemProxy */ = {
			isa = PBXContainerItemProxy;
			containerPortal = 2AFF9D2C2E38838E00A0870E /* Project object */;
			proxyType = 1;
			remoteGlobalIDString = 2AFF9D332E38838E00A0870E;
			remoteInfo = PokeDexBasic;
		};
/* End PBXContainerItemProxy section */

/* Begin PBXFileReference section */
		0F9A4123EC5A452EA6D2E63E /* Pods-PokeDexBasicTests.debug.xcconfig */ = {isa = PBXFileReference; includeInIndex = 1; lastKnownFileType = text.xcconfig; name = "Pods-PokeDexBasicTests.debug.xcconfig"; path = "Target Support Files/Pods-PokeDexBasicTests/Pods-PokeDexBasicTests.debug.xcconfig"; sourceTree = "<group>"; };
		2AFF9D342E38838E00A0870E /* PokeDexBasic.app */ = {isa = PBXFileReference; explicitFileType = wrapper.application; includeInIndex = 0; path = PokeDexBasic.app; sourceTree = BUILT_PRODUCTS_DIR; };
		2AFF9D4A2E38839000A0870E /* PokeDexBasicTests.xctest */ = {isa = PBXFileReference; explicitFileType = wrapper.cfbundle; includeInIndex = 0; path = PokeDexBasicTests.xctest; sourceTree = BUILT_PRODUCTS_DIR; };
		2AFF9D542E38839000A0870E /* PokeDexBasicUITests.xctest */ = {isa = PBXFileReference; explicitFileType = wrapper.cfbundle; includeInIndex = 0; path = PokeDexBasicUITests.xctest; sourceTree = BUILT_PRODUCTS_DIR; };
		5143A39F73F6E710CDAB322B /* Pods_PokeDexBasic.framework */ = {isa = PBXFileReference; explicitFileType = wrapper.framework; includeInIndex = 0; path = Pods_PokeDexBasic.framework; sourceTree = BUILT_PRODUCTS_DIR; };
		668CC400952DBA600B1A7462 /* Pods-PokeDexBasic-PokeDexBasicUITests.debug.xcconfig */ = {isa = PBXFileReference; includeInIndex = 1; lastKnownFileType = text.xcconfig; name = "Pods-PokeDexBasic-PokeDexBasicUITests.debug.xcconfig"; path = "Target Support Files/Pods-PokeDexBasic-PokeDexBasicUITests/Pods-PokeDexBasic-PokeDexBasicUITests.debug.xcconfig"; sourceTree = "<group>"; };
		6B84C3907C07F68A911FFBD1 /* Pods-PokeDexBasic-PokeDexBasicUITests.release.xcconfig */ = {isa = PBXFileReference; includeInIndex = 1; lastKnownFileType = text.xcconfig; name = "Pods-PokeDexBasic-PokeDexBasicUITests.release.xcconfig"; path = "Target Support Files/Pods-PokeDexBasic-PokeDexBasicUITests/Pods-PokeDexBasic-PokeDexBasicUITests.release.xcconfig"; sourceTree = "<group>"; };
		6DABD6324F33547C62A6D8EC /* Pods_PokeDexBasic_PokeDexBasicUITests.framework */ = {isa = PBXFileReference; explicitFileType = wrapper.framework; includeInIndex = 0; path = Pods_PokeDexBasic_PokeDexBasicUITests.framework; sourceTree = BUILT_PRODUCTS_DIR; };
		96E6ED95B81271621080EEEB /* Pods-PokeDexBasic.release.xcconfig */ = {isa = PBXFileReference; includeInIndex = 1; lastKnownFileType = text.xcconfig; name = "Pods-PokeDexBasic.release.xcconfig"; path = "Target Support Files/Pods-PokeDexBasic/Pods-PokeDexBasic.release.xcconfig"; sourceTree = "<group>"; };
		D03AB181254B5E345403A5CE /* Pods-PokeDexBasic.debug.xcconfig */ = {isa = PBXFileReference; includeInIndex = 1; lastKnownFileType = text.xcconfig; name = "Pods-PokeDexBasic.debug.xcconfig"; path = "Target Support Files/Pods-PokeDexBasic/Pods-PokeDexBasic.debug.xcconfig"; sourceTree = "<group>"; };
		F7C69FF140EFCD093BD66983 /* Pods_PokeDexBasicTests.framework */ = {isa = PBXFileReference; explicitFileType = wrapper.framework; includeInIndex = 0; path = Pods_PokeDexBasicTests.framework; sourceTree = BUILT_PRODUCTS_DIR; };
		FCF1D1005245C2438A2985BF /* Pods-PokeDexBasicTests.release.xcconfig */ = {isa = PBXFileReference; includeInIndex = 1; lastKnownFileType = text.xcconfig; name = "Pods-PokeDexBasicTests.release.xcconfig"; path = "Target Support Files/Pods-PokeDexBasicTests/Pods-PokeDexBasicTests.release.xcconfig"; sourceTree = "<group>"; };
/* End PBXFileReference section */

/* Begin PBXFileSystemSynchronizedBuildFileExceptionSet section */
		2AFF9D5C2E38839000A0870E /* Exceptions for "PokeDexBasic" folder in "PokeDexBasic" target */ = {
			isa = PBXFileSystemSynchronizedBuildFileExceptionSet;
			membershipExceptions = (
				Info.plist,
			);
			target = 2AFF9D332E38838E00A0870E /* PokeDexBasic */;
		};
/* End PBXFileSystemSynchronizedBuildFileExceptionSet section */

/* Begin PBXFileSystemSynchronizedRootGroup section */
		2AFF9D362E38838E00A0870E /* PokeDexBasic */ = {
			isa = PBXFileSystemSynchronizedRootGroup;
			exceptions = (
				2AFF9D5C2E38839000A0870E /* Exceptions for "PokeDexBasic" folder in "PokeDexBasic" target */,
			);
			path = PokeDexBasic;
			sourceTree = "<group>";
		};
		2AFF9D4D2E38839000A0870E /* PokeDexBasicTests */ = {
			isa = PBXFileSystemSynchronizedRootGroup;
			path = PokeDexBasicTests;
			sourceTree = "<group>";
		};
		2AFF9D572E38839000A0870E /* PokeDexBasicUITests */ = {
			isa = PBXFileSystemSynchronizedRootGroup;
			path = PokeDexBasicUITests;
			sourceTree = "<group>";
		};
/* End PBXFileSystemSynchronizedRootGroup section */

/* Begin PBXFrameworksBuildPhase section */
		2AFF9D312E38838E00A0870E /* Frameworks */ = {
			isa = PBXFrameworksBuildPhase;
			buildActionMask = 2147483647;
			files = (
				0E0B4E15310E8703C5D90432 /* Pods_PokeDexBasic.framework in Frameworks */,
			);
			runOnlyForDeploymentPostprocessing = 0;
		};
		2AFF9D472E38839000A0870E /* Frameworks */ = {
			isa = PBXFrameworksBuildPhase;
			buildActionMask = 2147483647;
			files = (
				09BF7016D4DEBF919CC61C60 /* Pods_PokeDexBasicTests.framework in Frameworks */,
			);
			runOnlyForDeploymentPostprocessing = 0;
		};
		2AFF9D512E38839000A0870E /* Frameworks */ = {
			isa = PBXFrameworksBuildPhase;
			buildActionMask = 2147483647;
			files = (
				27FA301930D2C489555F6D2A /* Pods_PokeDexBasic_PokeDexBasicUITests.framework in Frameworks */,
			);
			runOnlyForDeploymentPostprocessing = 0;
		};
/* End PBXFrameworksBuildPhase section */

/* Begin PBXGroup section */
		2A20C194DF5B64EA29833212 /* Frameworks */ = {
			isa = PBXGroup;
			children = (
				5143A39F73F6E710CDAB322B /* Pods_PokeDexBasic.framework */,
				6DABD6324F33547C62A6D8EC /* Pods_PokeDexBasic_PokeDexBasicUITests.framework */,
				F7C69FF140EFCD093BD66983 /* Pods_PokeDexBasicTests.framework */,
			);
			name = Frameworks;
			sourceTree = "<group>";
		};
		2AFF9D2B2E38838E00A0870E = {
			isa = PBXGroup;
			children = (
				2AFF9D362E38838E00A0870E /* PokeDexBasic */,
				2AFF9D4D2E38839000A0870E /* PokeDexBasicTests */,
				2AFF9D572E38839000A0870E /* PokeDexBasicUITests */,
				2AFF9D352E38838E00A0870E /* Products */,
				34619C68E00E1FD98CBAD8D7 /* Pods */,
				2A20C194DF5B64EA29833212 /* Frameworks */,
			);
			sourceTree = "<group>";
		};
		2AFF9D352E38838E00A0870E /* Products */ = {
			isa = PBXGroup;
			children = (
				2AFF9D342E38838E00A0870E /* PokeDexBasic.app */,
				2AFF9D4A2E38839000A0870E /* PokeDexBasicTests.xctest */,
				2AFF9D542E38839000A0870E /* PokeDexBasicUITests.xctest */,
			);
			name = Products;
			sourceTree = "<group>";
		};
		34619C68E00E1FD98CBAD8D7 /* Pods */ = {
			isa = PBXGroup;
			children = (
				D03AB181254B5E345403A5CE /* Pods-PokeDexBasic.debug.xcconfig */,
				96E6ED95B81271621080EEEB /* Pods-PokeDexBasic.release.xcconfig */,
				668CC400952DBA600B1A7462 /* Pods-PokeDexBasic-PokeDexBasicUITests.debug.xcconfig */,
				6B84C3907C07F68A911FFBD1 /* Pods-PokeDexBasic-PokeDexBasicUITests.release.xcconfig */,
				0F9A4123EC5A452EA6D2E63E /* Pods-PokeDexBasicTests.debug.xcconfig */,
				FCF1D1005245C2438A2985BF /* Pods-PokeDexBasicTests.release.xcconfig */,
			);
			path = Pods;
			sourceTree = "<group>";
		};
/* End PBXGroup section */

/* Begin PBXNativeTarget section */
		2AFF9D332E38838E00A0870E /* PokeDexBasic */ = {
			isa = PBXNativeTarget;
			buildConfigurationList = 2AFF9D5D2E38839000A0870E /* Build configuration list for PBXNativeTarget "PokeDexBasic" */;
			buildPhases = (
				A849C49EEBD288F1378DD620 /* [CP] Check Pods Manifest.lock */,
				2AFF9D302E38838E00A0870E /* Sources */,
				2AFF9D312E38838E00A0870E /* Frameworks */,
				2AFF9D322E38838E00A0870E /* Resources */,
			);
			buildRules = (
			);
			dependencies = (
			);
			fileSystemSynchronizedGroups = (
				2AFF9D362E38838E00A0870E /* PokeDexBasic */,
			);
			name = PokeDexBasic;
			productName = PokeDexBasic;
			productReference = 2AFF9D342E38838E00A0870E /* PokeDexBasic.app */;
			productType = "com.apple.product-type.application";
		};
		2AFF9D492E38839000A0870E /* PokeDexBasicTests */ = {
			isa = PBXNativeTarget;
			buildConfigurationList = 2AFF9D622E38839000A0870E /* Build configuration list for PBXNativeTarget "PokeDexBasicTests" */;
			buildPhases = (
				BC06EF68D23017105794DF22 /* [CP] Check Pods Manifest.lock */,
				2AFF9D462E38839000A0870E /* Sources */,
				2AFF9D472E38839000A0870E /* Frameworks */,
				2AFF9D482E38839000A0870E /* Resources */,
				59D4453565BF2B6235DB5D0A /* [CP] Embed Pods Frameworks */,
			);
			buildRules = (
			);
			dependencies = (
				2AFF9D4C2E38839000A0870E /* PBXTargetDependency */,
			);
			fileSystemSynchronizedGroups = (
				2AFF9D4D2E38839000A0870E /* PokeDexBasicTests */,
			);
			name = PokeDexBasicTests;
			productName = PokeDexBasicTests;
			productReference = 2AFF9D4A2E38839000A0870E /* PokeDexBasicTests.xctest */;
			productType = "com.apple.product-type.bundle.unit-test";
		};
		2AFF9D532E38839000A0870E /* PokeDexBasicUITests */ = {
			isa = PBXNativeTarget;
			buildConfigurationList = 2AFF9D652E38839000A0870E /* Build configuration list for PBXNativeTarget "PokeDexBasicUITests" */;
			buildPhases = (
				336DE3339F25FA4E862D6762 /* [CP] Check Pods Manifest.lock */,
				2AFF9D502E38839000A0870E /* Sources */,
				2AFF9D512E38839000A0870E /* Frameworks */,
				2AFF9D522E38839000A0870E /* Resources */,
			);
			buildRules = (
			);
			dependencies = (
				2AFF9D562E38839000A0870E /* PBXTargetDependency */,
			);
			fileSystemSynchronizedGroups = (
				2AFF9D572E38839000A0870E /* PokeDexBasicUITests */,
			);
			name = PokeDexBasicUITests;
			productName = PokeDexBasicUITests;
			productReference = 2AFF9D542E38839000A0870E /* PokeDexBasicUITests.xctest */;
			productType = "com.apple.product-type.bundle.ui-testing";
		};
/* End PBXNativeTarget section */

/* Begin PBXProject section */
		2AFF9D2C2E38838E00A0870E /* Project object */ = {
			isa = PBXProject;
			attributes = {
				BuildIndependentTargetsInParallel = 1;
				LastSwiftUpdateCheck = 1630;
				LastUpgradeCheck = 1630;
				TargetAttributes = {
					2AFF9D332E38838E00A0870E = {
						CreatedOnToolsVersion = 16.3;
					};
					2AFF9D492E38839000A0870E = {
						CreatedOnToolsVersion = 16.3;
						TestTargetID = 2AFF9D332E38838E00A0870E;
					};
					2AFF9D532E38839000A0870E = {
						CreatedOnToolsVersion = 16.3;
						TestTargetID = 2AFF9D332E38838E00A0870E;
					};
				};
			};
			buildConfigurationList = 2AFF9D2F2E38838E00A0870E /* Build configuration list for PBXProject "PokeDexBasic" */;
			developmentRegion = en;
			hasScannedForEncodings = 0;
			knownRegions = (
				en,
				Base,
			);
			mainGroup = 2AFF9D2B2E38838E00A0870E;
			minimizedProjectReferenceProxies = 1;
			preferredProjectObjectVersion = 77;
			productRefGroup = 2AFF9D352E38838E00A0870E /* Products */;
			projectDirPath = "";
			projectRoot = "";
			targets = (
				2AFF9D332E38838E00A0870E /* PokeDexBasic */,
				2AFF9D492E38839000A0870E /* PokeDexBasicTests */,
				2AFF9D532E38839000A0870E /* PokeDexBasicUITests */,
			);
		};
/* End PBXProject section */

/* Begin PBXResourcesBuildPhase section */
		2AFF9D322E38838E00A0870E /* Resources */ = {
			isa = PBXResourcesBuildPhase;
			buildActionMask = 2147483647;
			files = (
			);
			runOnlyForDeploymentPostprocessing = 0;
		};
		2AFF9D482E38839000A0870E /* Resources */ = {
			isa = PBXResourcesBuildPhase;
			buildActionMask = 2147483647;
			files = (
			);
			runOnlyForDeploymentPostprocessing = 0;
		};
		2AFF9D522E38839000A0870E /* Resources */ = {
			isa = PBXResourcesBuildPhase;
			buildActionMask = 2147483647;
			files = (
			);
			runOnlyForDeploymentPostprocessing = 0;
		};
/* End PBXResourcesBuildPhase section */

/* Begin PBXShellScriptBuildPhase section */
		336DE3339F25FA4E862D6762 /* [CP] Check Pods Manifest.lock */ = {
			isa = PBXShellScriptBuildPhase;
			buildActionMask = 2147483647;
			files = (
			);
			inputFileListPaths = (
			);
			inputPaths = (
				"${PODS_PODFILE_DIR_PATH}/Podfile.lock",
				"${PODS_ROOT}/Manifest.lock",
			);
			name = "[CP] Check Pods Manifest.lock";
			outputFileListPaths = (
			);
			outputPaths = (
				"$(DERIVED_FILE_DIR)/Pods-PokeDexBasic-PokeDexBasicUITests-checkManifestLockResult.txt",
			);
			runOnlyForDeploymentPostprocessing = 0;
			shellPath = /bin/sh;
			shellScript = "diff \"${PODS_PODFILE_DIR_PATH}/Podfile.lock\" \"${PODS_ROOT}/Manifest.lock\" > /dev/null\nif [ $? != 0 ] ; then\n    # print error to STDERR\n    echo \"error: The sandbox is not in sync with the Podfile.lock. Run 'pod install' or update your CocoaPods installation.\" >&2\n    exit 1\nfi\n# This output is used by Xcode 'outputs' to avoid re-running this script phase.\necho \"SUCCESS\" > \"${SCRIPT_OUTPUT_FILE_0}\"\n";
			showEnvVarsInLog = 0;
		};
		59D4453565BF2B6235DB5D0A /* [CP] Embed Pods Frameworks */ = {
			isa = PBXShellScriptBuildPhase;
			buildActionMask = 2147483647;
			files = (
			);
			inputFileListPaths = (
				"${PODS_ROOT}/Target Support Files/Pods-PokeDexBasicTests/Pods-PokeDexBasicTests-frameworks-${CONFIGURATION}-input-files.xcfilelist",
			);
			inputPaths = (
			);
			name = "[CP] Embed Pods Frameworks";
			outputFileListPaths = (
				"${PODS_ROOT}/Target Support Files/Pods-PokeDexBasicTests/Pods-PokeDexBasicTests-frameworks-${CONFIGURATION}-output-files.xcfilelist",
			);
			outputPaths = (
			);
			runOnlyForDeploymentPostprocessing = 0;
			shellPath = /bin/sh;
			shellScript = "\"${PODS_ROOT}/Target Support Files/Pods-PokeDexBasicTests/Pods-PokeDexBasicTests-frameworks.sh\"\n";
			showEnvVarsInLog = 0;
		};
		A849C49EEBD288F1378DD620 /* [CP] Check Pods Manifest.lock */ = {
			isa = PBXShellScriptBuildPhase;
			buildActionMask = 2147483647;
			files = (
			);
			inputFileListPaths = (
			);
			inputPaths = (
				"${PODS_PODFILE_DIR_PATH}/Podfile.lock",
				"${PODS_ROOT}/Manifest.lock",
			);
			name = "[CP] Check Pods Manifest.lock";
			outputFileListPaths = (
			);
			outputPaths = (
				"$(DERIVED_FILE_DIR)/Pods-PokeDexBasic-checkManifestLockResult.txt",
			);
			runOnlyForDeploymentPostprocessing = 0;
			shellPath = /bin/sh;
			shellScript = "diff \"${PODS_PODFILE_DIR_PATH}/Podfile.lock\" \"${PODS_ROOT}/Manifest.lock\" > /dev/null\nif [ $? != 0 ] ; then\n    # print error to STDERR\n    echo \"error: The sandbox is not in sync with the Podfile.lock. Run 'pod install' or update your CocoaPods installation.\" >&2\n    exit 1\nfi\n# This output is used by Xcode 'outputs' to avoid re-running this script phase.\necho \"SUCCESS\" > \"${SCRIPT_OUTPUT_FILE_0}\"\n";
			showEnvVarsInLog = 0;
		};
		BC06EF68D23017105794DF22 /* [CP] Check Pods Manifest.lock */ = {
			isa = PBXShellScriptBuildPhase;
			buildActionMask = 2147483647;
			files = (
			);
			inputFileListPaths = (
			);
			inputPaths = (
				"${PODS_PODFILE_DIR_PATH}/Podfile.lock",
				"${PODS_ROOT}/Manifest.lock",
			);
			name = "[CP] Check Pods Manifest.lock";
			outputFileListPaths = (
			);
			outputPaths = (
				"$(DERIVED_FILE_DIR)/Pods-PokeDexBasicTests-checkManifestLockResult.txt",
			);
			runOnlyForDeploymentPostprocessing = 0;
			shellPath = /bin/sh;
			shellScript = "diff \"${PODS_PODFILE_DIR_PATH}/Podfile.lock\" \"${PODS_ROOT}/Manifest.lock\" > /dev/null\nif [ $? != 0 ] ; then\n    # print error to STDERR\n    echo \"error: The sandbox is not in sync with the Podfile.lock. Run 'pod install' or update your CocoaPods installation.\" >&2\n    exit 1\nfi\n# This output is used by Xcode 'outputs' to avoid re-running this script phase.\necho \"SUCCESS\" > \"${SCRIPT_OUTPUT_FILE_0}\"\n";
			showEnvVarsInLog = 0;
		};
/* End PBXShellScriptBuildPhase section */

/* Begin PBXSourcesBuildPhase section */
		2AFF9D302E38838E00A0870E /* Sources */ = {
			isa = PBXSourcesBuildPhase;
			buildActionMask = 2147483647;
			files = (
			);
			runOnlyForDeploymentPostprocessing = 0;
		};
		2AFF9D462E38839000A0870E /* Sources */ = {
			isa = PBXSourcesBuildPhase;
			buildActionMask = 2147483647;
			files = (
			);
			runOnlyForDeploymentPostprocessing = 0;
		};
		2AFF9D502E38839000A0870E /* Sources */ = {
			isa = PBXSourcesBuildPhase;
			buildActionMask = 2147483647;
			files = (
			);
			runOnlyForDeploymentPostprocessing = 0;
		};
/* End PBXSourcesBuildPhase section */

/* Begin PBXTargetDependency section */
		2AFF9D4C2E38839000A0870E /* PBXTargetDependency */ = {
			isa = PBXTargetDependency;
			target = 2AFF9D332E38838E00A0870E /* PokeDexBasic */;
			targetProxy = 2AFF9D4B2E38839000A0870E /* PBXContainerItemProxy */;
		};
		2AFF9D562E38839000A0870E /* PBXTargetDependency */ = {
			isa = PBXTargetDependency;
			target = 2AFF9D332E38838E00A0870E /* PokeDexBasic */;
			targetProxy = 2AFF9D552E38839000A0870E /* PBXContainerItemProxy */;
		};
/* End PBXTargetDependency section */

/* Begin XCBuildConfiguration section */
		2AFF9D5E2E38839000A0870E /* Debug */ = {
			isa = XCBuildConfiguration;
			baseConfigurationReference = D03AB181254B5E345403A5CE /* Pods-PokeDexBasic.debug.xcconfig */;
			buildSettings = {
				ASSETCATALOG_COMPILER_APPICON_NAME = AppIcon;
				ASSETCATALOG_COMPILER_GLOBAL_ACCENT_COLOR_NAME = AccentColor;
				CODE_SIGN_STYLE = Automatic;
				CURRENT_PROJECT_VERSION = 1;
				DEVELOPMENT_TEAM = 5K6BH2N7SF;
				GENERATE_INFOPLIST_FILE = YES;
				INFOPLIST_FILE = PokeDexBasic/Info.plist;
				INFOPLIST_KEY_UIApplicationSupportsIndirectInputEvents = YES;
				INFOPLIST_KEY_UILaunchStoryboardName = LaunchScreen;
				INFOPLIST_KEY_UIMainStoryboardFile = Main;
				INFOPLIST_KEY_UISupportedInterfaceOrientations_iPad = "UIInterfaceOrientationPortrait UIInterfaceOrientationPortraitUpsideDown UIInterfaceOrientationLandscapeLeft UIInterfaceOrientationLandscapeRight";
				INFOPLIST_KEY_UISupportedInterfaceOrientations_iPhone = "UIInterfaceOrientationPortrait UIInterfaceOrientationLandscapeLeft UIInterfaceOrientationLandscapeRight";
				LD_RUNPATH_SEARCH_PATHS = (
					"$(inherited)",
					"@executable_path/Frameworks",
				);
				MARKETING_VERSION = 1.0;
				PRODUCT_BUNDLE_IDENTIFIER = com.galih.PokeDexBasic;
				PRODUCT_NAME = "$(TARGET_NAME)";
				SWIFT_EMIT_LOC_STRINGS = YES;
				SWIFT_VERSION = 5.0;
				TARGETED_DEVICE_FAMILY = "1,2";
			};
			name = Debug;
		};
		2AFF9D5F2E38839000A0870E /* Release */ = {
			isa = XCBuildConfiguration;
			baseConfigurationReference = 96E6ED95B81271621080EEEB /* Pods-PokeDexBasic.release.xcconfig */;
			buildSettings = {
				ASSETCATALOG_COMPILER_APPICON_NAME = AppIcon;
				ASSETCATALOG_COMPILER_GLOBAL_ACCENT_COLOR_NAME = AccentColor;
				CODE_SIGN_STYLE = Automatic;
				CURRENT_PROJECT_VERSION = 1;
				DEVELOPMENT_TEAM = 5K6BH2N7SF;
				GENERATE_INFOPLIST_FILE = YES;
				INFOPLIST_FILE = PokeDexBasic/Info.plist;
				INFOPLIST_KEY_UIApplicationSupportsIndirectInputEvents = YES;
				INFOPLIST_KEY_UILaunchStoryboardName = LaunchScreen;
				INFOPLIST_KEY_UIMainStoryboardFile = Main;
				INFOPLIST_KEY_UISupportedInterfaceOrientations_iPad = "UIInterfaceOrientationPortrait UIInterfaceOrientationPortraitUpsideDown UIInterfaceOrientationLandscapeLeft UIInterfaceOrientationLandscapeRight";
				INFOPLIST_KEY_UISupportedInterfaceOrientations_iPhone = "UIInterfaceOrientationPortrait UIInterfaceOrientationLandscapeLeft UIInterfaceOrientationLandscapeRight";
				LD_RUNPATH_SEARCH_PATHS = (
					"$(inherited)",
					"@executable_path/Frameworks",
				);
				MARKETING_VERSION = 1.0;
				PRODUCT_BUNDLE_IDENTIFIER = com.galih.PokeDexBasic;
				PRODUCT_NAME = "$(TARGET_NAME)";
				SWIFT_EMIT_LOC_STRINGS = YES;
				SWIFT_VERSION = 5.0;
				TARGETED_DEVICE_FAMILY = "1,2";
			};
			name = Release;
		};
		2AFF9D602E38839000A0870E /* Debug */ = {
			isa = XCBuildConfiguration;
			buildSettings = {
				ALWAYS_SEARCH_USER_PATHS = NO;
				ASSETCATALOG_COMPILER_GENERATE_SWIFT_ASSET_SYMBOL_EXTENSIONS = YES;
				CLANG_ANALYZER_NONNULL = YES;
				CLANG_ANALYZER_NUMBER_OBJECT_CONVERSION = YES_AGGRESSIVE;
				CLANG_CXX_LANGUAGE_STANDARD = "gnu++20";
				CLANG_ENABLE_MODULES = YES;
				CLANG_ENABLE_OBJC_ARC = YES;
				CLANG_ENABLE_OBJC_WEAK = YES;
				CLANG_WARN_BLOCK_CAPTURE_AUTORELEASING = YES;
				CLANG_WARN_BOOL_CONVERSION = YES;
				CLANG_WARN_COMMA = YES;
				CLANG_WARN_CONSTANT_CONVERSION = YES;
				CLANG_WARN_DEPRECATED_OBJC_IMPLEMENTATIONS = YES;
				CLANG_WARN_DIRECT_OBJC_ISA_USAGE = YES_ERROR;
				CLANG_WARN_DOCUMENTATION_COMMENTS = YES;
				CLANG_WARN_EMPTY_BODY = YES;
				CLANG_WARN_ENUM_CONVERSION = YES;
				CLANG_WARN_INFINITE_RECURSION = YES;
				CLANG_WARN_INT_CONVERSION = YES;
				CLANG_WARN_NON_LITERAL_NULL_CONVERSION = YES;
				CLANG_WARN_OBJC_IMPLICIT_RETAIN_SELF = YES;
				CLANG_WARN_OBJC_LITERAL_CONVERSION = YES;
				CLANG_WARN_OBJC_ROOT_CLASS = YES_ERROR;
				CLANG_WARN_QUOTED_INCLUDE_IN_FRAMEWORK_HEADER = YES;
				CLANG_WARN_RANGE_LOOP_ANALYSIS = YES;
				CLANG_WARN_STRICT_PROTOTYPES = YES;
				CLANG_WARN_SUSPICIOUS_MOVE = YES;
				CLANG_WARN_UNGUARDED_AVAILABILITY = YES_AGGRESSIVE;
				CLANG_WARN_UNREACHABLE_CODE = YES;
				CLANG_WARN__DUPLICATE_METHOD_MATCH = YES;
				COPY_PHASE_STRIP = NO;
				DEBUG_INFORMATION_FORMAT = dwarf;
				DEVELOPMENT_TEAM = 5K6BH2N7SF;
				ENABLE_STRICT_OBJC_MSGSEND = YES;
				ENABLE_TESTABILITY = YES;
				ENABLE_USER_SCRIPT_SANDBOXING = YES;
				GCC_C_LANGUAGE_STANDARD = gnu17;
				GCC_DYNAMIC_NO_PIC = NO;
				GCC_NO_COMMON_BLOCKS = YES;
				GCC_OPTIMIZATION_LEVEL = 0;
				GCC_PREPROCESSOR_DEFINITIONS = (
					"DEBUG=1",
					"$(inherited)",
				);
				GCC_WARN_64_TO_32_BIT_CONVERSION = YES;
				GCC_WARN_ABOUT_RETURN_TYPE = YES_ERROR;
				GCC_WARN_UNDECLARED_SELECTOR = YES;
				GCC_WARN_UNINITIALIZED_AUTOS = YES_AGGRESSIVE;
				GCC_WARN_UNUSED_FUNCTION = YES;
				GCC_WARN_UNUSED_VARIABLE = YES;
				IPHONEOS_DEPLOYMENT_TARGET = 18.4;
				LOCALIZATION_PREFERS_STRING_CATALOGS = YES;
				MTL_ENABLE_DEBUG_INFO = INCLUDE_SOURCE;
				MTL_FAST_MATH = YES;
				ONLY_ACTIVE_ARCH = YES;
				SDKROOT = iphoneos;
				SWIFT_ACTIVE_COMPILATION_CONDITIONS = "DEBUG $(inherited)";
				SWIFT_OPTIMIZATION_LEVEL = "-Onone";
			};
			name = Debug;
		};
		2AFF9D612E38839000A0870E /* Release */ = {
			isa = XCBuildConfiguration;
			buildSettings = {
				ALWAYS_SEARCH_USER_PATHS = NO;
				ASSETCATALOG_COMPILER_GENERATE_SWIFT_ASSET_SYMBOL_EXTENSIONS = YES;
				CLANG_ANALYZER_NONNULL = YES;
				CLANG_ANALYZER_NUMBER_OBJECT_CONVERSION = YES_AGGRESSIVE;
				CLANG_CXX_LANGUAGE_STANDARD = "gnu++20";
				CLANG_ENABLE_MODULES = YES;
				CLANG_ENABLE_OBJC_ARC = YES;
				CLANG_ENABLE_OBJC_WEAK = YES;
				CLANG_WARN_BLOCK_CAPTURE_AUTORELEASING = YES;
				CLANG_WARN_BOOL_CONVERSION = YES;
				CLANG_WARN_COMMA = YES;
				CLANG_WARN_CONSTANT_CONVERSION = YES;
				CLANG_WARN_DEPRECATED_OBJC_IMPLEMENTATIONS = YES;
				CLANG_WARN_DIRECT_OBJC_ISA_USAGE = YES_ERROR;
				CLANG_WARN_DOCUMENTATION_COMMENTS = YES;
				CLANG_WARN_EMPTY_BODY = YES;
				CLANG_WARN_ENUM_CONVERSION = YES;
				CLANG_WARN_INFINITE_RECURSION = YES;
				CLANG_WARN_INT_CONVERSION = YES;
				CLANG_WARN_NON_LITERAL_NULL_CONVERSION = YES;
				CLANG_WARN_OBJC_IMPLICIT_RETAIN_SELF = YES;
				CLANG_WARN_OBJC_LITERAL_CONVERSION = YES;
				CLANG_WARN_OBJC_ROOT_CLASS = YES_ERROR;
				CLANG_WARN_QUOTED_INCLUDE_IN_FRAMEWORK_HEADER = YES;
				CLANG_WARN_RANGE_LOOP_ANALYSIS = YES;
				CLANG_WARN_STRICT_PROTOTYPES = YES;
				CLANG_WARN_SUSPICIOUS_MOVE = YES;
				CLANG_WARN_UNGUARDED_AVAILABILITY = YES_AGGRESSIVE;
				CLANG_WARN_UNREACHABLE_CODE = YES;
				CLANG_WARN__DUPLICATE_METHOD_MATCH = YES;
				COPY_PHASE_STRIP = NO;
				DEBUG_INFORMATION_FORMAT = "dwarf-with-dsym";
				DEVELOPMENT_TEAM = 5K6BH2N7SF;
				ENABLE_NS_ASSERTIONS = NO;
				ENABLE_STRICT_OBJC_MSGSEND = YES;
				ENABLE_USER_SCRIPT_SANDBOXING = YES;
				GCC_C_LANGUAGE_STANDARD = gnu17;
				GCC_NO_COMMON_BLOCKS = YES;
				GCC_WARN_64_TO_32_BIT_CONVERSION = YES;
				GCC_WARN_ABOUT_RETURN_TYPE = YES_ERROR;
				GCC_WARN_UNDECLARED_SELECTOR = YES;
				GCC_WARN_UNINITIALIZED_AUTOS = YES_AGGRESSIVE;
				GCC_WARN_UNUSED_FUNCTION = YES;
				GCC_WARN_UNUSED_VARIABLE = YES;
				IPHONEOS_DEPLOYMENT_TARGET = 18.4;
				LOCALIZATION_PREFERS_STRING_CATALOGS = YES;
				MTL_ENABLE_DEBUG_INFO = NO;
				MTL_FAST_MATH = YES;
				SDKROOT = iphoneos;
				SWIFT_COMPILATION_MODE = wholemodule;
				VALIDATE_PRODUCT = YES;
			};
			name = Release;
		};
		2AFF9D632E38839000A0870E /* Debug */ = {
			isa = XCBuildConfiguration;
			baseConfigurationReference = 0F9A4123EC5A452EA6D2E63E /* Pods-PokeDexBasicTests.debug.xcconfig */;
			buildSettings = {
				BUNDLE_LOADER = "$(TEST_HOST)";
				CODE_SIGN_STYLE = Automatic;
				CURRENT_PROJECT_VERSION = 1;
				DEVELOPMENT_TEAM = 5K6BH2N7SF;
				GENERATE_INFOPLIST_FILE = YES;
				IPHONEOS_DEPLOYMENT_TARGET = 18.4;
				MARKETING_VERSION = 1.0;
				PRODUCT_BUNDLE_IDENTIFIER = com.galih.PokeDexBasicTests;
				PRODUCT_NAME = "$(TARGET_NAME)";
				SWIFT_EMIT_LOC_STRINGS = NO;
				SWIFT_VERSION = 5.0;
				TARGETED_DEVICE_FAMILY = "1,2";
				TEST_HOST = "$(BUILT_PRODUCTS_DIR)/PokeDexBasic.app/$(BUNDLE_EXECUTABLE_FOLDER_PATH)/PokeDexBasic";
			};
			name = Debug;
		};
		2AFF9D642E38839000A0870E /* Release */ = {
			isa = XCBuildConfiguration;
			baseConfigurationReference = FCF1D1005245C2438A2985BF /* Pods-PokeDexBasicTests.release.xcconfig */;
			buildSettings = {
				BUNDLE_LOADER = "$(TEST_HOST)";
				CODE_SIGN_STYLE = Automatic;
				CURRENT_PROJECT_VERSION = 1;
				DEVELOPMENT_TEAM = 5K6BH2N7SF;
				GENERATE_INFOPLIST_FILE = YES;
				IPHONEOS_DEPLOYMENT_TARGET = 18.4;
				MARKETING_VERSION = 1.0;
				PRODUCT_BUNDLE_IDENTIFIER = com.galih.PokeDexBasicTests;
				PRODUCT_NAME = "$(TARGET_NAME)";
				SWIFT_EMIT_LOC_STRINGS = NO;
				SWIFT_VERSION = 5.0;
				TARGETED_DEVICE_FAMILY = "1,2";
				TEST_HOST = "$(BUILT_PRODUCTS_DIR)/PokeDexBasic.app/$(BUNDLE_EXECUTABLE_FOLDER_PATH)/PokeDexBasic";
			};
			name = Release;
		};
		2AFF9D662E38839000A0870E /* Debug */ = {
			isa = XCBuildConfiguration;
			baseConfigurationReference = 668CC400952DBA600B1A7462 /* Pods-PokeDexBasic-PokeDexBasicUITests.debug.xcconfig */;
			buildSettings = {
				CODE_SIGN_STYLE = Automatic;
				CURRENT_PROJECT_VERSION = 1;
				DEVELOPMENT_TEAM = 5K6BH2N7SF;
				GENERATE_INFOPLIST_FILE = YES;
				MARKETING_VERSION = 1.0;
				PRODUCT_BUNDLE_IDENTIFIER = com.galih.PokeDexBasicUITests;
				PRODUCT_NAME = "$(TARGET_NAME)";
				SWIFT_EMIT_LOC_STRINGS = NO;
				SWIFT_VERSION = 5.0;
				TARGETED_DEVICE_FAMILY = "1,2";
				TEST_TARGET_NAME = PokeDexBasic;
			};
			name = Debug;
		};
		2AFF9D672E38839000A0870E /* Release */ = {
			isa = XCBuildConfiguration;
			baseConfigurationReference = 6B84C3907C07F68A911FFBD1 /* Pods-PokeDexBasic-PokeDexBasicUITests.release.xcconfig */;
			buildSettings = {
				CODE_SIGN_STYLE = Automatic;
				CURRENT_PROJECT_VERSION = 1;
				DEVELOPMENT_TEAM = 5K6BH2N7SF;
				GENERATE_INFOPLIST_FILE = YES;
				MARKETING_VERSION = 1.0;
				PRODUCT_BUNDLE_IDENTIFIER = com.galih.PokeDexBasicUITests;
				PRODUCT_NAME = "$(TARGET_NAME)";
				SWIFT_EMIT_LOC_STRINGS = NO;
				SWIFT_VERSION = 5.0;
				TARGETED_DEVICE_FAMILY = "1,2";
				TEST_TARGET_NAME = PokeDexBasic;
			};
			name = Release;
		};
/* End XCBuildConfiguration section */

/* Begin XCConfigurationList section */
		2AFF9D2F2E38838E00A0870E /* Build configuration list for PBXProject "PokeDexBasic" */ = {
			isa = XCConfigurationList;
			buildConfigurations = (
				2AFF9D602E38839000A0870E /* Debug */,
				2AFF9D612E38839000A0870E /* Release */,
			);
			defaultConfigurationIsVisible = 0;
			defaultConfigurationName = Release;
		};
		2AFF9D5D2E38839000A0870E /* Build configuration list for PBXNativeTarget "PokeDexBasic" */ = {
			isa = XCConfigurationList;
			buildConfigurations = (
				2AFF9D5E2E38839000A0870E /* Debug */,
				2AFF9D5F2E38839000A0870E /* Release */,
			);
			defaultConfigurationIsVisible = 0;
			defaultConfigurationName = Release;
		};
		2AFF9D622E38839000A0870E /* Build configuration list for PBXNativeTarget "PokeDexBasicTests" */ = {
			isa = XCConfigurationList;
			buildConfigurations = (
				2AFF9D632E38839000A0870E /* Debug */,
				2AFF9D642E38839000A0870E /* Release */,
			);
			defaultConfigurationIsVisible = 0;
			defaultConfigurationName = Release;
		};
		2AFF9D652E38839000A0870E /* Build configuration list for PBXNativeTarget "PokeDexBasicUITests" */ = {
			isa = XCConfigurationList;
			buildConfigurations = (
				2AFF9D662E38839000A0870E /* Debug */,
				2AFF9D672E38839000A0870E /* Release */,
			);
			defaultConfigurationIsVisible = 0;
			defaultConfigurationName = Release;
		};
/* End XCConfigurationList section */
	};
	rootObject = 2AFF9D2C2E38838E00A0870E /* Project object */;
}
