// !$*UTF8*$!
{
	archiveVersion = 1;
	classes = {
	};
	objectVersion = 77;
	objects = {

/* Begin PBXBuildFile section */
		2A8DD04B2E39B4D5009C115B /* RealmSwift in Frameworks */ = {isa = PBXBuildFile; productRef = 2A8DD04A2E39B4D5009C115B /* RealmSwift */; };
		2ACF27072E39D43C00EE3747 /* XLPagerTabStrip in Frameworks */ = {isa = PBXBuildFile; productRef = 2ACF27062E39D43C00EE3747 /* XLPagerTabStrip */; };
/* End PBXBuildFile section */

/* Begin PBXContainerItemProxy section */
		2AD61CDA2E39A68D009385D1 /* PBXContainerItemProxy */ = {
			isa = PBXContainerItemProxy;
			containerPortal = 2AD61CBB2E39A68B009385D1 /* Project object */;
			proxyType = 1;
			remoteGlobalIDString = 2AD61CC22E39A68B009385D1;
			remoteInfo = PokeDexBasic;
		};
		2AD61CE42E39A68D009385D1 /* PBXContainerItemProxy */ = {
			isa = PBXContainerItemProxy;
			containerPortal = 2AD61CBB2E39A68B009385D1 /* Project object */;
			proxyType = 1;
			remoteGlobalIDString = 2AD61CC22E39A68B009385D1;
			remoteInfo = PokeDexBasic;
		};
/* End PBXContainerItemProxy section */

/* Begin PBXFileReference section */
		2ACF27002E39C13E00EE3747 /* PokeDexBasic.xctestplan */ = {isa = PBXFileReference; lastKnownFileType = text; path = PokeDexBasic.xctestplan; sourceTree = "<group>"; };
		2AD61CC32E39A68B009385D1 /* PokeDexBasic.app */ = {isa = PBXFileReference; explicitFileType = wrapper.application; includeInIndex = 0; path = PokeDexBasic.app; sourceTree = BUILT_PRODUCTS_DIR; };
		2AD61CD92E39A68D009385D1 /* PokeDexBasicTests.xctest */ = {isa = PBXFileReference; explicitFileType = wrapper.cfbundle; includeInIndex = 0; path = PokeDexBasicTests.xctest; sourceTree = BUILT_PRODUCTS_DIR; };
		2AD61CE32E39A68D009385D1 /* PokeDexBasicUITests.xctest */ = {isa = PBXFileReference; explicitFileType = wrapper.cfbundle; includeInIndex = 0; path = PokeDexBasicUITests.xctest; sourceTree = BUILT_PRODUCTS_DIR; };
/* End PBXFileReference section */

/* Begin PBXFileSystemSynchronizedBuildFileExceptionSet section */
		2AD61CEB2E39A68D009385D1 /* Exceptions for "PokeDexBasic" folder in "PokeDexBasic" target */ = {
			isa = PBXFileSystemSynchronizedBuildFileExceptionSet;
			membershipExceptions = (
				Info.plist,
			);
			target = 2AD61CC22E39A68B009385D1 /* PokeDexBasic */;
		};
/* End PBXFileSystemSynchronizedBuildFileExceptionSet section */

/* Begin PBXFileSystemSynchronizedRootGroup section */
		2AD61CC52E39A68B009385D1 /* PokeDexBasic */ = {
			isa = PBXFileSystemSynchronizedRootGroup;
			exceptions = (
				2AD61CEB2E39A68D009385D1 /* Exceptions for "PokeDexBasic" folder in "PokeDexBasic" target */,
			);
			path = PokeDexBasic;
			sourceTree = "<group>";
		};
		2AD61CDC2E39A68D009385D1 /* PokeDexBasicTests */ = {
			isa = PBXFileSystemSynchronizedRootGroup;
			path = PokeDexBasicTests;
			sourceTree = "<group>";
		};
		2AD61CE62E39A68D009385D1 /* PokeDexBasicUITests */ = {
			isa = PBXFileSystemSynchronizedRootGroup;
			path = PokeDexBasicUITests;
			sourceTree = "<group>";
		};
/* End PBXFileSystemSynchronizedRootGroup section */

/* Begin PBXFrameworksBuildPhase section */
		2AD61CC02E39A68B009385D1 /* Frameworks */ = {
			isa = PBXFrameworksBuildPhase;
			buildActionMask = 2147483647;
			files = (
				2A8DD04B2E39B4D5009C115B /* RealmSwift in Frameworks */,
				2ACF27072E39D43C00EE3747 /* XLPagerTabStrip in Frameworks */,
			);
			runOnlyForDeploymentPostprocessing = 0;
		};
		2AD61CD62E39A68D009385D1 /* Frameworks */ = {
			isa = PBXFrameworksBuildPhase;
			buildActionMask = 2147483647;
			files = (
			);
			runOnlyForDeploymentPostprocessing = 0;
		};
		2AD61CE02E39A68D009385D1 /* Frameworks */ = {
			isa = PBXFrameworksBuildPhase;
			buildActionMask = 2147483647;
			files = (
			);
			runOnlyForDeploymentPostprocessing = 0;
		};
/* End PBXFrameworksBuildPhase section */

/* Begin PBXGroup section */
		2AD61CBA2E39A68B009385D1 = {
			isa = PBXGroup;
			children = (
				2ACF27002E39C13E00EE3747 /* PokeDexBasic.xctestplan */,
				2AD61CC52E39A68B009385D1 /* PokeDexBasic */,
				2AD61CDC2E39A68D009385D1 /* PokeDexBasicTests */,
				2AD61CE62E39A68D009385D1 /* PokeDexBasicUITests */,
				2AD61CC42E39A68B009385D1 /* Products */,
			);
			sourceTree = "<group>";
		};
		2AD61CC42E39A68B009385D1 /* Products */ = {
			isa = PBXGroup;
			children = (
				2AD61CC32E39A68B009385D1 /* PokeDexBasic.app */,
				2AD61CD92E39A68D009385D1 /* PokeDexBasicTests.xctest */,
				2AD61CE32E39A68D009385D1 /* PokeDexBasicUITests.xctest */,
			);
			name = Products;
			sourceTree = "<group>";
		};
/* End PBXGroup section */

/* Begin PBXNativeTarget section */
		2AD61CC22E39A68B009385D1 /* PokeDexBasic */ = {
			isa = PBXNativeTarget;
			buildConfigurationList = 2AD61CEC2E39A68D009385D1 /* Build configuration list for PBXNativeTarget "PokeDexBasic" */;
			buildPhases = (
				2AD61CBF2E39A68B009385D1 /* Sources */,
				2AD61CC02E39A68B009385D1 /* Frameworks */,
				2AD61CC12E39A68B009385D1 /* Resources */,
			);
			buildRules = (
			);
			dependencies = (
			);
			fileSystemSynchronizedGroups = (
				2AD61CC52E39A68B009385D1 /* PokeDexBasic */,
			);
			name = PokeDexBasic;
			packageProductDependencies = (
				2A8DD0482E39B4D5009C115B /* Realm */,
				2A8DD04A2E39B4D5009C115B /* RealmSwift */,
				2ACF27062E39D43C00EE3747 /* XLPagerTabStrip */,
			);
			productName = PokeDexBasic;
			productReference = 2AD61CC32E39A68B009385D1 /* PokeDexBasic.app */;
			productType = "com.apple.product-type.application";
		};
		2AD61CD82E39A68D009385D1 /* PokeDexBasicTests */ = {
			isa = PBXNativeTarget;
			buildConfigurationList = 2AD61CF12E39A68D009385D1 /* Build configuration list for PBXNativeTarget "PokeDexBasicTests" */;
			buildPhases = (
				2AD61CD52E39A68D009385D1 /* Sources */,
				2AD61CD62E39A68D009385D1 /* Frameworks */,
				2AD61CD72E39A68D009385D1 /* Resources */,
			);
			buildRules = (
			);
			dependencies = (
				2AD61CDB2E39A68D009385D1 /* PBXTargetDependency */,
			);
			fileSystemSynchronizedGroups = (
				2AD61CDC2E39A68D009385D1 /* PokeDexBasicTests */,
			);
			name = PokeDexBasicTests;
			packageProductDependencies = (
			);
			productName = PokeDexBasicTests;
			productReference = 2AD61CD92E39A68D009385D1 /* PokeDexBasicTests.xctest */;
			productType = "com.apple.product-type.bundle.unit-test";
		};
		2AD61CE22E39A68D009385D1 /* PokeDexBasicUITests */ = {
			isa = PBXNativeTarget;
			buildConfigurationList = 2AD61CF42E39A68D009385D1 /* Build configuration list for PBXNativeTarget "PokeDexBasicUITests" */;
			buildPhases = (
				2AD61CDF2E39A68D009385D1 /* Sources */,
				2AD61CE02E39A68D009385D1 /* Frameworks */,
				2AD61CE12E39A68D009385D1 /* Resources */,
			);
			buildRules = (
			);
			dependencies = (
				2AD61CE52E39A68D009385D1 /* PBXTargetDependency */,
			);
			fileSystemSynchronizedGroups = (
				2AD61CE62E39A68D009385D1 /* PokeDexBasicUITests */,
			);
			name = PokeDexBasicUITests;
			packageProductDependencies = (
			);
			productName = PokeDexBasicUITests;
			productReference = 2AD61CE32E39A68D009385D1 /* PokeDexBasicUITests.xctest */;
			productType = "com.apple.product-type.bundle.ui-testing";
		};
/* End PBXNativeTarget section */

/* Begin PBXProject section */
		2AD61CBB2E39A68B009385D1 /* Project object */ = {
			isa = PBXProject;
			attributes = {
				BuildIndependentTargetsInParallel = 1;
				LastSwiftUpdateCheck = 1630;
				LastUpgradeCheck = 1630;
				TargetAttributes = {
					2AD61CC22E39A68B009385D1 = {
						CreatedOnToolsVersion = 16.3;
					};
					2AD61CD82E39A68D009385D1 = {
						CreatedOnToolsVersion = 16.3;
						TestTargetID = 2AD61CC22E39A68B009385D1;
					};
					2AD61CE22E39A68D009385D1 = {
						CreatedOnToolsVersion = 16.3;
						TestTargetID = 2AD61CC22E39A68B009385D1;
					};
				};
			};
			buildConfigurationList = 2AD61CBE2E39A68B009385D1 /* Build configuration list for PBXProject "PokeDexBasic" */;
			developmentRegion = en;
			hasScannedForEncodings = 0;
			knownRegions = (
				en,
				Base,
			);
			mainGroup = 2AD61CBA2E39A68B009385D1;
			minimizedProjectReferenceProxies = 1;
			packageReferences = (
				2A8DD0472E39B4D5009C115B /* XCRemoteSwiftPackageReference "realm-swift" */,
				2ACF27052E39D43C00EE3747 /* XCRemoteSwiftPackageReference "XLPagerTabStrip" */,
			);
			preferredProjectObjectVersion = 77;
			productRefGroup = 2AD61CC42E39A68B009385D1 /* Products */;
			projectDirPath = "";
			projectRoot = "";
			targets = (
				2AD61CC22E39A68B009385D1 /* PokeDexBasic */,
				2AD61CD82E39A68D009385D1 /* PokeDexBasicTests */,
				2AD61CE22E39A68D009385D1 /* PokeDexBasicUITests */,
			);
		};
/* End PBXProject section */

/* Begin PBXResourcesBuildPhase section */
		2AD61CC12E39A68B009385D1 /* Resources */ = {
			isa = PBXResourcesBuildPhase;
			buildActionMask = 2147483647;
			files = (
			);
			runOnlyForDeploymentPostprocessing = 0;
		};
		2AD61CD72E39A68D009385D1 /* Resources */ = {
			isa = PBXResourcesBuildPhase;
			buildActionMask = 2147483647;
			files = (
			);
			runOnlyForDeploymentPostprocessing = 0;
		};
		2AD61CE12E39A68D009385D1 /* Resources */ = {
			isa = PBXResourcesBuildPhase;
			buildActionMask = 2147483647;
			files = (
			);
			runOnlyForDeploymentPostprocessing = 0;
		};
/* End PBXResourcesBuildPhase section */

/* Begin PBXSourcesBuildPhase section */
		2AD61CBF2E39A68B009385D1 /* Sources */ = {
			isa = PBXSourcesBuildPhase;
			buildActionMask = 2147483647;
			files = (
			);
			runOnlyForDeploymentPostprocessing = 0;
		};
		2AD61CD52E39A68D009385D1 /* Sources */ = {
			isa = PBXSourcesBuildPhase;
			buildActionMask = 2147483647;
			files = (
			);
			runOnlyForDeploymentPostprocessing = 0;
		};
		2AD61CDF2E39A68D009385D1 /* Sources */ = {
			isa = PBXSourcesBuildPhase;
			buildActionMask = 2147483647;
			files = (
			);
			runOnlyForDeploymentPostprocessing = 0;
		};
/* End PBXSourcesBuildPhase section */

/* Begin PBXTargetDependency section */
		2AD61CDB2E39A68D009385D1 /* PBXTargetDependency */ = {
			isa = PBXTargetDependency;
			target = 2AD61CC22E39A68B009385D1 /* PokeDexBasic */;
			targetProxy = 2AD61CDA2E39A68D009385D1 /* PBXContainerItemProxy */;
		};
		2AD61CE52E39A68D009385D1 /* PBXTargetDependency */ = {
			isa = PBXTargetDependency;
			target = 2AD61CC22E39A68B009385D1 /* PokeDexBasic */;
			targetProxy = 2AD61CE42E39A68D009385D1 /* PBXContainerItemProxy */;
		};
/* End PBXTargetDependency section */

/* Begin XCBuildConfiguration section */
		2AD61CED2E39A68D009385D1 /* Debug */ = {
			isa = XCBuildConfiguration;
			buildSettings = {
				ASSETCATALOG_COMPILER_APPICON_NAME = AppIcon;
				ASSETCATALOG_COMPILER_GLOBAL_ACCENT_COLOR_NAME = AccentColor;
				CODE_SIGN_STYLE = Automatic;
				CURRENT_PROJECT_VERSION = 1;
				DEVELOPMENT_TEAM = 5K6BH2N7SF;
				GENERATE_INFOPLIST_FILE = YES;
				INFOPLIST_FILE = PokeDexBasic/Info.plist;
				INFOPLIST_KEY_UIApplicationSupportsIndirectInputEvents = YES;
				INFOPLIST_KEY_UILaunchStoryboardName = LaunchScreen;
				INFOPLIST_KEY_UIMainStoryboardFile = Main;
				INFOPLIST_KEY_UISupportedInterfaceOrientations_iPad = "UIInterfaceOrientationPortrait UIInterfaceOrientationPortraitUpsideDown UIInterfaceOrientationLandscapeLeft UIInterfaceOrientationLandscapeRight";
				INFOPLIST_KEY_UISupportedInterfaceOrientations_iPhone = "UIInterfaceOrientationPortrait UIInterfaceOrientationLandscapeLeft UIInterfaceOrientationLandscapeRight";
				LD_RUNPATH_SEARCH_PATHS = (
					"$(inherited)",
					"@executable_path/Frameworks",
				);
				MARKETING_VERSION = 1.0;
				PRODUCT_BUNDLE_IDENTIFIER = com.galih.PokeDexBasic;
				PRODUCT_NAME = "$(TARGET_NAME)";
				SWIFT_EMIT_LOC_STRINGS = YES;
				SWIFT_VERSION = 5.0;
				TARGETED_DEVICE_FAMILY = "1,2";
			};
			name = Debug;
		};
		2AD61CEE2E39A68D009385D1 /* Release */ = {
			isa = XCBuildConfiguration;
			buildSettings = {
				ASSETCATALOG_COMPILER_APPICON_NAME = AppIcon;
				ASSETCATALOG_COMPILER_GLOBAL_ACCENT_COLOR_NAME = AccentColor;
				CODE_SIGN_STYLE = Automatic;
				CURRENT_PROJECT_VERSION = 1;
				DEVELOPMENT_TEAM = 5K6BH2N7SF;
				GENERATE_INFOPLIST_FILE = YES;
				INFOPLIST_FILE = PokeDexBasic/Info.plist;
				INFOPLIST_KEY_UIApplicationSupportsIndirectInputEvents = YES;
				INFOPLIST_KEY_UILaunchStoryboardName = LaunchScreen;
				INFOPLIST_KEY_UIMainStoryboardFile = Main;
				INFOPLIST_KEY_UISupportedInterfaceOrientations_iPad = "UIInterfaceOrientationPortrait UIInterfaceOrientationPortraitUpsideDown UIInterfaceOrientationLandscapeLeft UIInterfaceOrientationLandscapeRight";
				INFOPLIST_KEY_UISupportedInterfaceOrientations_iPhone = "UIInterfaceOrientationPortrait UIInterfaceOrientationLandscapeLeft UIInterfaceOrientationLandscapeRight";
				LD_RUNPATH_SEARCH_PATHS = (
					"$(inherited)",
					"@executable_path/Frameworks",
				);
				MARKETING_VERSION = 1.0;
				PRODUCT_BUNDLE_IDENTIFIER = com.galih.PokeDexBasic;
				PRODUCT_NAME = "$(TARGET_NAME)";
				SWIFT_EMIT_LOC_STRINGS = YES;
				SWIFT_VERSION = 5.0;
				TARGETED_DEVICE_FAMILY = "1,2";
			};
			name = Release;
		};
		2AD61CEF2E39A68D009385D1 /* Debug */ = {
			isa = XCBuildConfiguration;
			buildSettings = {
				ALWAYS_SEARCH_USER_PATHS = NO;
				ASSETCATALOG_COMPILER_GENERATE_SWIFT_ASSET_SYMBOL_EXTENSIONS = YES;
				CLANG_ANALYZER_NONNULL = YES;
				CLANG_ANALYZER_NUMBER_OBJECT_CONVERSION = YES_AGGRESSIVE;
				CLANG_CXX_LANGUAGE_STANDARD = "gnu++20";
				CLANG_ENABLE_MODULES = YES;
				CLANG_ENABLE_OBJC_ARC = YES;
				CLANG_ENABLE_OBJC_WEAK = YES;
				CLANG_WARN_BLOCK_CAPTURE_AUTORELEASING = YES;
				CLANG_WARN_BOOL_CONVERSION = YES;
				CLANG_WARN_COMMA = YES;
				CLANG_WARN_CONSTANT_CONVERSION = YES;
				CLANG_WARN_DEPRECATED_OBJC_IMPLEMENTATIONS = YES;
				CLANG_WARN_DIRECT_OBJC_ISA_USAGE = YES_ERROR;
				CLANG_WARN_DOCUMENTATION_COMMENTS = YES;
				CLANG_WARN_EMPTY_BODY = YES;
				CLANG_WARN_ENUM_CONVERSION = YES;
				CLANG_WARN_INFINITE_RECURSION = YES;
				CLANG_WARN_INT_CONVERSION = YES;
				CLANG_WARN_NON_LITERAL_NULL_CONVERSION = YES;
				CLANG_WARN_OBJC_IMPLICIT_RETAIN_SELF = YES;
				CLANG_WARN_OBJC_LITERAL_CONVERSION = YES;
				CLANG_WARN_OBJC_ROOT_CLASS = YES_ERROR;
				CLANG_WARN_QUOTED_INCLUDE_IN_FRAMEWORK_HEADER = YES;
				CLANG_WARN_RANGE_LOOP_ANALYSIS = YES;
				CLANG_WARN_STRICT_PROTOTYPES = YES;
				CLANG_WARN_SUSPICIOUS_MOVE = YES;
				CLANG_WARN_UNGUARDED_AVAILABILITY = YES_AGGRESSIVE;
				CLANG_WARN_UNREACHABLE_CODE = YES;
				CLANG_WARN__DUPLICATE_METHOD_MATCH = YES;
				COPY_PHASE_STRIP = NO;
				DEBUG_INFORMATION_FORMAT = dwarf;
				DEVELOPMENT_TEAM = 5K6BH2N7SF;
				ENABLE_STRICT_OBJC_MSGSEND = YES;
				ENABLE_TESTABILITY = YES;
				ENABLE_USER_SCRIPT_SANDBOXING = YES;
				GCC_C_LANGUAGE_STANDARD = gnu17;
				GCC_DYNAMIC_NO_PIC = NO;
				GCC_NO_COMMON_BLOCKS = YES;
				GCC_OPTIMIZATION_LEVEL = 0;
				GCC_PREPROCESSOR_DEFINITIONS = (
					"DEBUG=1",
					"$(inherited)",
				);
				GCC_WARN_64_TO_32_BIT_CONVERSION = YES;
				GCC_WARN_ABOUT_RETURN_TYPE = YES_ERROR;
				GCC_WARN_UNDECLARED_SELECTOR = YES;
				GCC_WARN_UNINITIALIZED_AUTOS = YES_AGGRESSIVE;
				GCC_WARN_UNUSED_FUNCTION = YES;
				GCC_WARN_UNUSED_VARIABLE = YES;
				IPHONEOS_DEPLOYMENT_TARGET = 18.4;
				LOCALIZATION_PREFERS_STRING_CATALOGS = YES;
				MTL_ENABLE_DEBUG_INFO = INCLUDE_SOURCE;
				MTL_FAST_MATH = YES;
				ONLY_ACTIVE_ARCH = YES;
				SDKROOT = iphoneos;
				SWIFT_ACTIVE_COMPILATION_CONDITIONS = "DEBUG $(inherited)";
				SWIFT_OPTIMIZATION_LEVEL = "-Onone";
			};
			name = Debug;
		};
		2AD61CF02E39A68D009385D1 /* Release */ = {
			isa = XCBuildConfiguration;
			buildSettings = {
				ALWAYS_SEARCH_USER_PATHS = NO;
				ASSETCATALOG_COMPILER_GENERATE_SWIFT_ASSET_SYMBOL_EXTENSIONS = YES;
				CLANG_ANALYZER_NONNULL = YES;
				CLANG_ANALYZER_NUMBER_OBJECT_CONVERSION = YES_AGGRESSIVE;
				CLANG_CXX_LANGUAGE_STANDARD = "gnu++20";
				CLANG_ENABLE_MODULES = YES;
				CLANG_ENABLE_OBJC_ARC = YES;
				CLANG_ENABLE_OBJC_WEAK = YES;
				CLANG_WARN_BLOCK_CAPTURE_AUTORELEASING = YES;
				CLANG_WARN_BOOL_CONVERSION = YES;
				CLANG_WARN_COMMA = YES;
				CLANG_WARN_CONSTANT_CONVERSION = YES;
				CLANG_WARN_DEPRECATED_OBJC_IMPLEMENTATIONS = YES;
				CLANG_WARN_DIRECT_OBJC_ISA_USAGE = YES_ERROR;
				CLANG_WARN_DOCUMENTATION_COMMENTS = YES;
				CLANG_WARN_EMPTY_BODY = YES;
				CLANG_WARN_ENUM_CONVERSION = YES;
				CLANG_WARN_INFINITE_RECURSION = YES;
				CLANG_WARN_INT_CONVERSION = YES;
				CLANG_WARN_NON_LITERAL_NULL_CONVERSION = YES;
				CLANG_WARN_OBJC_IMPLICIT_RETAIN_SELF = YES;
				CLANG_WARN_OBJC_LITERAL_CONVERSION = YES;
				CLANG_WARN_OBJC_ROOT_CLASS = YES_ERROR;
				CLANG_WARN_QUOTED_INCLUDE_IN_FRAMEWORK_HEADER = YES;
				CLANG_WARN_RANGE_LOOP_ANALYSIS = YES;
				CLANG_WARN_STRICT_PROTOTYPES = YES;
				CLANG_WARN_SUSPICIOUS_MOVE = YES;
				CLANG_WARN_UNGUARDED_AVAILABILITY = YES_AGGRESSIVE;
				CLANG_WARN_UNREACHABLE_CODE = YES;
				CLANG_WARN__DUPLICATE_METHOD_MATCH = YES;
				COPY_PHASE_STRIP = NO;
				DEBUG_INFORMATION_FORMAT = "dwarf-with-dsym";
				DEVELOPMENT_TEAM = 5K6BH2N7SF;
				ENABLE_NS_ASSERTIONS = NO;
				ENABLE_STRICT_OBJC_MSGSEND = YES;
				ENABLE_USER_SCRIPT_SANDBOXING = YES;
				GCC_C_LANGUAGE_STANDARD = gnu17;
				GCC_NO_COMMON_BLOCKS = YES;
				GCC_WARN_64_TO_32_BIT_CONVERSION = YES;
				GCC_WARN_ABOUT_RETURN_TYPE = YES_ERROR;
				GCC_WARN_UNDECLARED_SELECTOR = YES;
				GCC_WARN_UNINITIALIZED_AUTOS = YES_AGGRESSIVE;
				GCC_WARN_UNUSED_FUNCTION = YES;
				GCC_WARN_UNUSED_VARIABLE = YES;
				IPHONEOS_DEPLOYMENT_TARGET = 18.4;
				LOCALIZATION_PREFERS_STRING_CATALOGS = YES;
				MTL_ENABLE_DEBUG_INFO = NO;
				MTL_FAST_MATH = YES;
				SDKROOT = iphoneos;
				SWIFT_COMPILATION_MODE = wholemodule;
				VALIDATE_PRODUCT = YES;
			};
			name = Release;
		};
		2AD61CF22E39A68D009385D1 /* Debug */ = {
			isa = XCBuildConfiguration;
			buildSettings = {
				BUNDLE_LOADER = "$(TEST_HOST)";
				CODE_SIGN_STYLE = Automatic;
				CURRENT_PROJECT_VERSION = 1;
				DEVELOPMENT_TEAM = 5K6BH2N7SF;
				GENERATE_INFOPLIST_FILE = YES;
				IPHONEOS_DEPLOYMENT_TARGET = 18.4;
				MARKETING_VERSION = 1.0;
				PRODUCT_BUNDLE_IDENTIFIER = com.galih.PokeDexBasicTests;
				PRODUCT_NAME = "$(TARGET_NAME)";
				SWIFT_EMIT_LOC_STRINGS = NO;
				SWIFT_VERSION = 5.0;
				TARGETED_DEVICE_FAMILY = "1,2";
				TEST_HOST = "$(BUILT_PRODUCTS_DIR)/PokeDexBasic.app/$(BUNDLE_EXECUTABLE_FOLDER_PATH)/PokeDexBasic";
			};
			name = Debug;
		};
		2AD61CF32E39A68D009385D1 /* Release */ = {
			isa = XCBuildConfiguration;
			buildSettings = {
				BUNDLE_LOADER = "$(TEST_HOST)";
				CODE_SIGN_STYLE = Automatic;
				CURRENT_PROJECT_VERSION = 1;
				DEVELOPMENT_TEAM = 5K6BH2N7SF;
				GENERATE_INFOPLIST_FILE = YES;
				IPHONEOS_DEPLOYMENT_TARGET = 18.4;
				MARKETING_VERSION = 1.0;
				PRODUCT_BUNDLE_IDENTIFIER = com.galih.PokeDexBasicTests;
				PRODUCT_NAME = "$(TARGET_NAME)";
				SWIFT_EMIT_LOC_STRINGS = NO;
				SWIFT_VERSION = 5.0;
				TARGETED_DEVICE_FAMILY = "1,2";
				TEST_HOST = "$(BUILT_PRODUCTS_DIR)/PokeDexBasic.app/$(BUNDLE_EXECUTABLE_FOLDER_PATH)/PokeDexBasic";
			};
			name = Release;
		};
		2AD61CF52E39A68D009385D1 /* Debug */ = {
			isa = XCBuildConfiguration;
			buildSettings = {
				CODE_SIGN_STYLE = Automatic;
				CURRENT_PROJECT_VERSION = 1;
				DEVELOPMENT_TEAM = 5K6BH2N7SF;
				GENERATE_INFOPLIST_FILE = YES;
				MARKETING_VERSION = 1.0;
				PRODUCT_BUNDLE_IDENTIFIER = com.galih.PokeDexBasicUITests;
				PRODUCT_NAME = "$(TARGET_NAME)";
				SWIFT_EMIT_LOC_STRINGS = NO;
				SWIFT_VERSION = 5.0;
				TARGETED_DEVICE_FAMILY = "1,2";
				TEST_TARGET_NAME = PokeDexBasic;
			};
			name = Debug;
		};
		2AD61CF62E39A68D009385D1 /* Release */ = {
			isa = XCBuildConfiguration;
			buildSettings = {
				CODE_SIGN_STYLE = Automatic;
				CURRENT_PROJECT_VERSION = 1;
				DEVELOPMENT_TEAM = 5K6BH2N7SF;
				GENERATE_INFOPLIST_FILE = YES;
				MARKETING_VERSION = 1.0;
				PRODUCT_BUNDLE_IDENTIFIER = com.galih.PokeDexBasicUITests;
				PRODUCT_NAME = "$(TARGET_NAME)";
				SWIFT_EMIT_LOC_STRINGS = NO;
				SWIFT_VERSION = 5.0;
				TARGETED_DEVICE_FAMILY = "1,2";
				TEST_TARGET_NAME = PokeDexBasic;
			};
			name = Release;
		};
/* End XCBuildConfiguration section */

/* Begin XCConfigurationList section */
		2AD61CBE2E39A68B009385D1 /* Build configuration list for PBXProject "PokeDexBasic" */ = {
			isa = XCConfigurationList;
			buildConfigurations = (
				2AD61CEF2E39A68D009385D1 /* Debug */,
				2AD61CF02E39A68D009385D1 /* Release */,
			);
			defaultConfigurationIsVisible = 0;
			defaultConfigurationName = Release;
		};
		2AD61CEC2E39A68D009385D1 /* Build configuration list for PBXNativeTarget "PokeDexBasic" */ = {
			isa = XCConfigurationList;
			buildConfigurations = (
				2AD61CED2E39A68D009385D1 /* Debug */,
				2AD61CEE2E39A68D009385D1 /* Release */,
			);
			defaultConfigurationIsVisible = 0;
			defaultConfigurationName = Release;
		};
		2AD61CF12E39A68D009385D1 /* Build configuration list for PBXNativeTarget "PokeDexBasicTests" */ = {
			isa = XCConfigurationList;
			buildConfigurations = (
				2AD61CF22E39A68D009385D1 /* Debug */,
				2AD61CF32E39A68D009385D1 /* Release */,
			);
			defaultConfigurationIsVisible = 0;
			defaultConfigurationName = Release;
		};
		2AD61CF42E39A68D009385D1 /* Build configuration list for PBXNativeTarget "PokeDexBasicUITests" */ = {
			isa = XCConfigurationList;
			buildConfigurations = (
				2AD61CF52E39A68D009385D1 /* Debug */,
				2AD61CF62E39A68D009385D1 /* Release */,
			);
			defaultConfigurationIsVisible = 0;
			defaultConfigurationName = Release;
		};
/* End XCConfigurationList section */

/* Begin XCRemoteSwiftPackageReference section */
		2A8DD0472E39B4D5009C115B /* XCRemoteSwiftPackageReference "realm-swift" */ = {
			isa = XCRemoteSwiftPackageReference;
			repositoryURL = "https://github.com/realm/realm-swift";
			requirement = {
				kind = upToNextMajorVersion;
				minimumVersion = 10.47.0;
			};
		};
		2ACF27052E39D43C00EE3747 /* XCRemoteSwiftPackageReference "XLPagerTabStrip" */ = {
			isa = XCRemoteSwiftPackageReference;
			repositoryURL = "https://github.com/xmartlabs/XLPagerTabStrip";
			requirement = {
				kind = upToNextMajorVersion;
				minimumVersion = 9.1.0;
			};
		};
/* End XCRemoteSwiftPackageReference section */

/* Begin XCSwiftPackageProductDependency section */
		2A8DD0482E39B4D5009C115B /* Realm */ = {
			isa = XCSwiftPackageProductDependency;
			package = 2A8DD0472E39B4D5009C115B /* XCRemoteSwiftPackageReference "realm-swift" */;
			productName = Realm;
		};
		2A8DD04A2E39B4D5009C115B /* RealmSwift */ = {
			isa = XCSwiftPackageProductDependency;
			package = 2A8DD0472E39B4D5009C115B /* XCRemoteSwiftPackageReference "realm-swift" */;
			productName = RealmSwift;
		};
		2ACF27062E39D43C00EE3747 /* XLPagerTabStrip */ = {
			isa = XCSwiftPackageProductDependency;
			package = 2ACF27052E39D43C00EE3747 /* XCRemoteSwiftPackageReference "XLPagerTabStrip" */;
			productName = XLPagerTabStrip;
		};
/* End XCSwiftPackageProductDependency section */
	};
	rootObject = 2AD61CBB2E39A68B009385D1 /* Project object */;
}
